// !$*UTF8*$!
{
	archiveVersion = 1;
	classes = {
	};
	objectVersion = 46;
	objects = {

/* Begin PBXBuildFile section */
		A3D57FAE1A8B1A7C00B6CB6D /* main.m in Sources */ = {isa = PBXBuildFile; fileRef = A3D57FAD1A8B1A7C00B6CB6D /* main.m */; };
		A3D57FB11A8B1A7C00B6CB6D /* AppDelegate.m in Sources */ = {isa = PBXBuildFile; fileRef = A3D57FB01A8B1A7C00B6CB6D /* AppDelegate.m */; };
		A3D57FB41A8B1A7C00B6CB6D /* ViewController.m in Sources */ = {isa = PBXBuildFile; fileRef = A3D57FB31A8B1A7C00B6CB6D /* ViewController.m */; };
		A3D57FB71A8B1A7C00B6CB6D /* Main.storyboard in Resources */ = {isa = PBXBuildFile; fileRef = A3D57FB51A8B1A7C00B6CB6D /* Main.storyboard */; };
		A3D57FB91A8B1A7C00B6CB6D /* Images.xcassets in Resources */ = {isa = PBXBuildFile; fileRef = A3D57FB81A8B1A7C00B6CB6D /* Images.xcassets */; };
		A3D57FBC1A8B1A7C00B6CB6D /* LaunchScreen.xib in Resources */ = {isa = PBXBuildFile; fileRef = A3D57FBA1A8B1A7C00B6CB6D /* LaunchScreen.xib */; };
		A3D57FC81A8B1A7C00B6CB6D /* CustomTableViewTests.m in Sources */ = {isa = PBXBuildFile; fileRef = A3D57FC71A8B1A7C00B6CB6D /* CustomTableViewTests.m */; };
		A3D57FD31A8B1AD900B6CB6D /* GDTableView.m in Sources */ = {isa = PBXBuildFile; fileRef = A3D57FD21A8B1AD900B6CB6D /* GDTableView.m */; };
		A3D57FD71A8B1C8E00B6CB6D /* GDTableViewCell.m in Sources */ = {isa = PBXBuildFile; fileRef = A3D57FD61A8B1C8E00B6CB6D /* GDTableViewCell.m */; };
		A3D57FDA1A8B3AE400B6CB6D /* GDTableViewCellInternal.m in Sources */ = {isa = PBXBuildFile; fileRef = A3D57FD91A8B3AE400B6CB6D /* GDTableViewCellInternal.m */; };
		A3D843361A8C692800C2EFE4 /* TableViewData.plist in Resources */ = {isa = PBXBuildFile; fileRef = A3D843351A8C692800C2EFE4 /* TableViewData.plist */; };
/* End PBXBuildFile section */

/* Begin PBXContainerItemProxy section */
		A3D57FC21A8B1A7C00B6CB6D /* PBXContainerItemProxy */ = {
			isa = PBXContainerItemProxy;
			containerPortal = A3D57FA01A8B1A7C00B6CB6D /* Project object */;
			proxyType = 1;
			remoteGlobalIDString = A3D57FA71A8B1A7C00B6CB6D;
			remoteInfo = CustomTableView;
		};
/* End PBXContainerItemProxy section */

/* Begin PBXFileReference section */
		A3D57FA81A8B1A7C00B6CB6D /* CustomTableView.app */ = {isa = PBXFileReference; explicitFileType = wrapper.application; includeInIndex = 0; path = CustomTableView.app; sourceTree = BUILT_PRODUCTS_DIR; };
		A3D57FAC1A8B1A7C00B6CB6D /* Info.plist */ = {isa = PBXFileReference; lastKnownFileType = text.plist.xml; path = Info.plist; sourceTree = "<group>"; };
		A3D57FAD1A8B1A7C00B6CB6D /* main.m */ = {isa = PBXFileReference; lastKnownFileType = sourcecode.c.objc; path = main.m; sourceTree = "<group>"; };
		A3D57FAF1A8B1A7C00B6CB6D /* AppDelegate.h */ = {isa = PBXFileReference; lastKnownFileType = sourcecode.c.h; path = AppDelegate.h; sourceTree = "<group>"; };
		A3D57FB01A8B1A7C00B6CB6D /* AppDelegate.m */ = {isa = PBXFileReference; lastKnownFileType = sourcecode.c.objc; path = AppDelegate.m; sourceTree = "<group>"; };
		A3D57FB21A8B1A7C00B6CB6D /* ViewController.h */ = {isa = PBXFileReference; lastKnownFileType = sourcecode.c.h; path = ViewController.h; sourceTree = "<group>"; };
		A3D57FB31A8B1A7C00B6CB6D /* ViewController.m */ = {isa = PBXFileReference; lastKnownFileType = sourcecode.c.objc; path = ViewController.m; sourceTree = "<group>"; };
		A3D57FB61A8B1A7C00B6CB6D /* Base */ = {isa = PBXFileReference; lastKnownFileType = file.storyboard; name = Base; path = Base.lproj/Main.storyboard; sourceTree = "<group>"; };
		A3D57FB81A8B1A7C00B6CB6D /* Images.xcassets */ = {isa = PBXFileReference; lastKnownFileType = folder.assetcatalog; path = Images.xcassets; sourceTree = "<group>"; };
		A3D57FBB1A8B1A7C00B6CB6D /* Base */ = {isa = PBXFileReference; lastKnownFileType = file.xib; name = Base; path = Base.lproj/LaunchScreen.xib; sourceTree = "<group>"; };
		A3D57FC11A8B1A7C00B6CB6D /* CustomTableViewTests.xctest */ = {isa = PBXFileReference; explicitFileType = wrapper.cfbundle; includeInIndex = 0; path = CustomTableViewTests.xctest; sourceTree = BUILT_PRODUCTS_DIR; };
		A3D57FC61A8B1A7C00B6CB6D /* Info.plist */ = {isa = PBXFileReference; lastKnownFileType = text.plist.xml; path = Info.plist; sourceTree = "<group>"; };
		A3D57FC71A8B1A7C00B6CB6D /* CustomTableViewTests.m */ = {isa = PBXFileReference; lastKnownFileType = sourcecode.c.objc; path = CustomTableViewTests.m; sourceTree = "<group>"; };
		A3D57FD11A8B1AD900B6CB6D /* GDTableView.h */ = {isa = PBXFileReference; fileEncoding = 4; lastKnownFileType = sourcecode.c.h; path = GDTableView.h; sourceTree = "<group>"; };
		A3D57FD21A8B1AD900B6CB6D /* GDTableView.m */ = {isa = PBXFileReference; fileEncoding = 4; lastKnownFileType = sourcecode.c.objc; path = GDTableView.m; sourceTree = "<group>"; };
		A3D57FD51A8B1C8E00B6CB6D /* GDTableViewCell.h */ = {isa = PBXFileReference; fileEncoding = 4; lastKnownFileType = sourcecode.c.h; path = GDTableViewCell.h; sourceTree = "<group>"; };
		A3D57FD61A8B1C8E00B6CB6D /* GDTableViewCell.m */ = {isa = PBXFileReference; fileEncoding = 4; lastKnownFileType = sourcecode.c.objc; path = GDTableViewCell.m; sourceTree = "<group>"; };
		A3D57FD81A8B3AE400B6CB6D /* GDTableViewCellInternal.h */ = {isa = PBXFileReference; fileEncoding = 4; lastKnownFileType = sourcecode.c.h; path = GDTableViewCellInternal.h; sourceTree = "<group>"; };
		A3D57FD91A8B3AE400B6CB6D /* GDTableViewCellInternal.m */ = {isa = PBXFileReference; fileEncoding = 4; lastKnownFileType = sourcecode.c.objc; path = GDTableViewCellInternal.m; sourceTree = "<group>"; };
		A3D843351A8C692800C2EFE4 /* TableViewData.plist */ = {isa = PBXFileReference; fileEncoding = 4; lastKnownFileType = text.plist.xml; path = TableViewData.plist; sourceTree = "<group>"; };
/* End PBXFileReference section */

/* Begin PBXFrameworksBuildPhase section */
		A3D57FA51A8B1A7C00B6CB6D /* Frameworks */ = {
			isa = PBXFrameworksBuildPhase;
			buildActionMask = 2147483647;
			files = (
			);
			runOnlyForDeploymentPostprocessing = 0;
		};
		A3D57FBE1A8B1A7C00B6CB6D /* Frameworks */ = {
			isa = PBXFrameworksBuildPhase;
			buildActionMask = 2147483647;
			files = (
			);
			runOnlyForDeploymentPostprocessing = 0;
		};
/* End PBXFrameworksBuildPhase section */

/* Begin PBXGroup section */
		A3D57F9F1A8B1A7C00B6CB6D = {
			isa = PBXGroup;
			children = (
				A3D57FAA1A8B1A7C00B6CB6D /* CustomTableView */,
				A3D57FC41A8B1A7C00B6CB6D /* CustomTableViewTests */,
				A3D57FA91A8B1A7C00B6CB6D /* Products */,
			);
			sourceTree = "<group>";
		};
		A3D57FA91A8B1A7C00B6CB6D /* Products */ = {
			isa = PBXGroup;
			children = (
				A3D57FA81A8B1A7C00B6CB6D /* CustomTableView.app */,
				A3D57FC11A8B1A7C00B6CB6D /* CustomTableViewTests.xctest */,
			);
			name = Products;
			sourceTree = "<group>";
		};
		A3D57FAA1A8B1A7C00B6CB6D /* CustomTableView */ = {
			isa = PBXGroup;
			children = (
				A3D57FD41A8B1ADF00B6CB6D /* TableView */,
				A3D57FAF1A8B1A7C00B6CB6D /* AppDelegate.h */,
				A3D57FB01A8B1A7C00B6CB6D /* AppDelegate.m */,
				A3D57FB21A8B1A7C00B6CB6D /* ViewController.h */,
				A3D57FB31A8B1A7C00B6CB6D /* ViewController.m */,
				A3D57FB51A8B1A7C00B6CB6D /* Main.storyboard */,
				A3D57FB81A8B1A7C00B6CB6D /* Images.xcassets */,
				A3D57FBA1A8B1A7C00B6CB6D /* LaunchScreen.xib */,
				A3D57FAB1A8B1A7C00B6CB6D /* Supporting Files */,
			);
			path = CustomTableView;
			sourceTree = "<group>";
		};
		A3D57FAB1A8B1A7C00B6CB6D /* Supporting Files */ = {
			isa = PBXGroup;
			children = (
				A3D57FAC1A8B1A7C00B6CB6D /* Info.plist */,
				A3D57FAD1A8B1A7C00B6CB6D /* main.m */,
				A3D843351A8C692800C2EFE4 /* TableViewData.plist */,
			);
			name = "Supporting Files";
			sourceTree = "<group>";
		};
		A3D57FC41A8B1A7C00B6CB6D /* CustomTableViewTests */ = {
			isa = PBXGroup;
			children = (
				A3D57FC71A8B1A7C00B6CB6D /* CustomTableViewTests.m */,
				A3D57FC51A8B1A7C00B6CB6D /* Supporting Files */,
			);
			path = CustomTableViewTests;
			sourceTree = "<group>";
		};
		A3D57FC51A8B1A7C00B6CB6D /* Supporting Files */ = {
			isa = PBXGroup;
			children = (
				A3D57FC61A8B1A7C00B6CB6D /* Info.plist */,
			);
			name = "Supporting Files";
			sourceTree = "<group>";
		};
		A3D57FD41A8B1ADF00B6CB6D /* TableView */ = {
			isa = PBXGroup;
			children = (
				A3D57FD11A8B1AD900B6CB6D /* GDTableView.h */,
				A3D57FD21A8B1AD900B6CB6D /* GDTableView.m */,
				A3D57FD51A8B1C8E00B6CB6D /* GDTableViewCell.h */,
				A3D57FD61A8B1C8E00B6CB6D /* GDTableViewCell.m */,
				A3D57FD81A8B3AE400B6CB6D /* GDTableViewCellInternal.h */,
				A3D57FD91A8B3AE400B6CB6D /* GDTableViewCellInternal.m */,
			);
			name = TableView;
			sourceTree = "<group>";
		};
/* End PBXGroup section */

/* Begin PBXNativeTarget section */
		A3D57FA71A8B1A7C00B6CB6D /* CustomTableView */ = {
			isa = PBXNativeTarget;
			buildConfigurationList = A3D57FCB1A8B1A7C00B6CB6D /* Build configuration list for PBXNativeTarget "CustomTableView" */;
			buildPhases = (
				A3D57FA41A8B1A7C00B6CB6D /* Sources */,
				A3D57FA51A8B1A7C00B6CB6D /* Frameworks */,
				A3D57FA61A8B1A7C00B6CB6D /* Resources */,
			);
			buildRules = (
			);
			dependencies = (
			);
			name = CustomTableView;
			productName = CustomTableView;
			productReference = A3D57FA81A8B1A7C00B6CB6D /* CustomTableView.app */;
			productType = "com.apple.product-type.application";
		};
		A3D57FC01A8B1A7C00B6CB6D /* CustomTableViewTests */ = {
			isa = PBXNativeTarget;
			buildConfigurationList = A3D57FCE1A8B1A7C00B6CB6D /* Build configuration list for PBXNativeTarget "CustomTableViewTests" */;
			buildPhases = (
				A3D57FBD1A8B1A7C00B6CB6D /* Sources */,
				A3D57FBE1A8B1A7C00B6CB6D /* Frameworks */,
				A3D57FBF1A8B1A7C00B6CB6D /* Resources */,
			);
			buildRules = (
			);
			dependencies = (
				A3D57FC31A8B1A7C00B6CB6D /* PBXTargetDependency */,
			);
			name = CustomTableViewTests;
			productName = CustomTableViewTests;
			productReference = A3D57FC11A8B1A7C00B6CB6D /* CustomTableViewTests.xctest */;
			productType = "com.apple.product-type.bundle.unit-test";
		};
/* End PBXNativeTarget section */

/* Begin PBXProject section */
		A3D57FA01A8B1A7C00B6CB6D /* Project object */ = {
			isa = PBXProject;
			attributes = {
				LastUpgradeCheck = 0610;
				ORGANIZATIONNAME = Himanshu;
				TargetAttributes = {
					A3D57FA71A8B1A7C00B6CB6D = {
						CreatedOnToolsVersion = 6.1.1;
					};
					A3D57FC01A8B1A7C00B6CB6D = {
						CreatedOnToolsVersion = 6.1.1;
						TestTargetID = A3D57FA71A8B1A7C00B6CB6D;
					};
				};
			};
			buildConfigurationList = A3D57FA31A8B1A7C00B6CB6D /* Build configuration list for PBXProject "CustomTableView" */;
			compatibilityVersion = "Xcode 3.2";
			developmentRegion = English;
			hasScannedForEncodings = 0;
			knownRegions = (
				en,
				Base,
			);
			mainGroup = A3D57F9F1A8B1A7C00B6CB6D;
			productRefGroup = A3D57FA91A8B1A7C00B6CB6D /* Products */;
			projectDirPath = "";
			projectRoot = "";
			targets = (
				A3D57FA71A8B1A7C00B6CB6D /* CustomTableView */,
				A3D57FC01A8B1A7C00B6CB6D /* CustomTableViewTests */,
			);
		};
/* End PBXProject section */

/* Begin PBXResourcesBuildPhase section */
		A3D57FA61A8B1A7C00B6CB6D /* Resources */ = {
			isa = PBXResourcesBuildPhase;
			buildActionMask = 2147483647;
			files = (
				A3D57FB71A8B1A7C00B6CB6D /* Main.storyboard in Resources */,
				A3D57FBC1A8B1A7C00B6CB6D /* LaunchScreen.xib in Resources */,
				A3D843361A8C692800C2EFE4 /* TableViewData.plist in Resources */,
				A3D57FB91A8B1A7C00B6CB6D /* Images.xcassets in Resources */,
			);
			runOnlyForDeploymentPostprocessing = 0;
		};
		A3D57FBF1A8B1A7C00B6CB6D /* Resources */ = {
			isa = PBXResourcesBuildPhase;
			buildActionMask = 2147483647;
			files = (
			);
			runOnlyForDeploymentPostprocessing = 0;
		};
/* End PBXResourcesBuildPhase section */

/* Begin PBXSourcesBuildPhase section */
		A3D57FA41A8B1A7C00B6CB6D /* Sources */ = {
			isa = PBXSourcesBuildPhase;
			buildActionMask = 2147483647;
			files = (
				A3D57FB41A8B1A7C00B6CB6D /* ViewController.m in Sources */,
				A3D57FB11A8B1A7C00B6CB6D /* AppDelegate.m in Sources */,
				A3D57FD71A8B1C8E00B6CB6D /* GDTableViewCell.m in Sources */,
				A3D57FD31A8B1AD900B6CB6D /* GDTableView.m in Sources */,
				A3D57FDA1A8B3AE400B6CB6D /* GDTableViewCellInternal.m in Sources */,
				A3D57FAE1A8B1A7C00B6CB6D /* main.m in Sources */,
			);
			runOnlyForDeploymentPostprocessing = 0;
		};
		A3D57FBD1A8B1A7C00B6CB6D /* Sources */ = {
			isa = PBXSourcesBuildPhase;
			buildActionMask = 2147483647;
			files = (
				A3D57FC81A8B1A7C00B6CB6D /* CustomTableViewTests.m in Sources */,
			);
			runOnlyForDeploymentPostprocessing = 0;
		};
/* End PBXSourcesBuildPhase section */

/* Begin PBXTargetDependency section */
		A3D57FC31A8B1A7C00B6CB6D /* PBXTargetDependency */ = {
			isa = PBXTargetDependency;
			target = A3D57FA71A8B1A7C00B6CB6D /* CustomTableView */;
			targetProxy = A3D57FC21A8B1A7C00B6CB6D /* PBXContainerItemProxy */;
		};
/* End PBXTargetDependency section */

/* Begin PBXVariantGroup section */
		A3D57FB51A8B1A7C00B6CB6D /* Main.storyboard */ = {
			isa = PBXVariantGroup;
			children = (
				A3D57FB61A8B1A7C00B6CB6D /* Base */,
			);
			name = Main.storyboard;
			sourceTree = "<group>";
		};
		A3D57FBA1A8B1A7C00B6CB6D /* LaunchScreen.xib */ = {
			isa = PBXVariantGroup;
			children = (
				A3D57FBB1A8B1A7C00B6CB6D /* Base */,
			);
			name = LaunchScreen.xib;
			sourceTree = "<group>";
		};
/* End PBXVariantGroup section */

/* Begin XCBuildConfiguration section */
		A3D57FC91A8B1A7C00B6CB6D /* Debug */ = {
			isa = XCBuildConfiguration;
			buildSettings = {
				ALWAYS_SEARCH_USER_PATHS = NO;
				CLANG_CXX_LANGUAGE_STANDARD = "gnu++0x";
				CLANG_CXX_LIBRARY = "libc++";
				CLANG_ENABLE_MODULES = YES;
				CLANG_ENABLE_OBJC_ARC = YES;
				CLANG_WARN_BOOL_CONVERSION = YES;
				CLANG_WARN_CONSTANT_CONVERSION = YES;
				CLANG_WARN_DIRECT_OBJC_ISA_USAGE = YES_ERROR;
				CLANG_WARN_EMPTY_BODY = YES;
				CLANG_WARN_ENUM_CONVERSION = YES;
				CLANG_WARN_INT_CONVERSION = YES;
				CLANG_WARN_OBJC_ROOT_CLASS = YES_ERROR;
				CLANG_WARN_UNREACHABLE_CODE = YES;
				CLANG_WARN__DUPLICATE_METHOD_MATCH = YES;
				"CODE_SIGN_IDENTITY[sdk=iphoneos*]" = "iPhone Developer";
				COPY_PHASE_STRIP = NO;
				ENABLE_STRICT_OBJC_MSGSEND = YES;
				GCC_C_LANGUAGE_STANDARD = gnu99;
				GCC_DYNAMIC_NO_PIC = NO;
				GCC_OPTIMIZATION_LEVEL = 0;
				GCC_PREPROCESSOR_DEFINITIONS = (
					"DEBUG=1",
					"$(inherited)",
				);
				GCC_SYMBOLS_PRIVATE_EXTERN = NO;
				GCC_WARN_64_TO_32_BIT_CONVERSION = YES;
				GCC_WARN_ABOUT_RETURN_TYPE = YES_ERROR;
				GCC_WARN_UNDECLARED_SELECTOR = YES;
				GCC_WARN_UNINITIALIZED_AUTOS = YES_AGGRESSIVE;
				GCC_WARN_UNUSED_FUNCTION = YES;
				GCC_WARN_UNUSED_VARIABLE = YES;
				IPHONEOS_DEPLOYMENT_TARGET = 8.1;
				MTL_ENABLE_DEBUG_INFO = YES;
				ONLY_ACTIVE_ARCH = YES;
				SDKROOT = iphoneos;
			};
			name = Debug;
		};
		A3D57FCA1A8B1A7C00B6CB6D /* Release */ = {
			isa = XCBuildConfiguration;
			buildSettings = {
				ALWAYS_SEARCH_USER_PATHS = NO;
				CLANG_CXX_LANGUAGE_STANDARD = "gnu++0x";
				CLANG_CXX_LIBRARY = "libc++";
				CLANG_ENABLE_MODULES = YES;
				CLANG_ENABLE_OBJC_ARC = YES;
				CLANG_WARN_BOOL_CONVERSION = YES;
				CLANG_WARN_CONSTANT_CONVERSION = YES;
				CLANG_WARN_DIRECT_OBJC_ISA_USAGE = YES_ERROR;
				CLANG_WARN_EMPTY_BODY = YES;
				CLANG_WARN_ENUM_CONVERSION = YES;
				CLANG_WARN_INT_CONVERSION = YES;
				CLANG_WARN_OBJC_ROOT_CLASS = YES_ERROR;
				CLANG_WARN_UNREACHABLE_CODE = YES;
				CLANG_WARN__DUPLICATE_METHOD_MATCH = YES;
				"CODE_SIGN_IDENTITY[sdk=iphoneos*]" = "iPhone Developer";
				COPY_PHASE_STRIP = YES;
				ENABLE_NS_ASSERTIONS = NO;
				ENABLE_STRICT_OBJC_MSGSEND = YES;
				GCC_C_LANGUAGE_STANDARD = gnu99;
				GCC_WARN_64_TO_32_BIT_CONVERSION = YES;
				GCC_WARN_ABOUT_RETURN_TYPE = YES_ERROR;
				GCC_WARN_UNDECLARED_SELECTOR = YES;
				GCC_WARN_UNINITIALIZED_AUTOS = YES_AGGRESSIVE;
				GCC_WARN_UNUSED_FUNCTION = YES;
				GCC_WARN_UNUSED_VARIABLE = YES;
				IPHONEOS_DEPLOYMENT_TARGET = 8.1;
				MTL_ENABLE_DEBUG_INFO = NO;
				SDKROOT = iphoneos;
				VALIDATE_PRODUCT = YES;
			};
			name = Release;
		};
		A3D57FCC1A8B1A7C00B6CB6D /* Debug */ = {
			isa = XCBuildConfiguration;
			buildSettings = {
				ASSETCATALOG_COMPILER_APPICON_NAME = AppIcon;
				INFOPLIST_FILE = CustomTableView/Info.plist;
				LD_RUNPATH_SEARCH_PATHS = "$(inherited) @executable_path/Frameworks";
				PRODUCT_NAME = "$(TARGET_NAME)";
			};
			name = Debug;
		};
		A3D57FCD1A8B1A7C00B6CB6D /* Release */ = {
			isa = XCBuildConfiguration;
			buildSettings = {
				ASSETCATALOG_COMPILER_APPICON_NAME = AppIcon;
				INFOPLIST_FILE = CustomTableView/Info.plist;
				LD_RUNPATH_SEARCH_PATHS = "$(inherited) @executable_path/Frameworks";
				PRODUCT_NAME = "$(TARGET_NAME)";
			};
			name = Release;
		};
		A3D57FCF1A8B1A7C00B6CB6D /* Debug */ = {
			isa = XCBuildConfiguration;
			buildSettings = {
				BUNDLE_LOADER = "$(TEST_HOST)";
				FRAMEWORK_SEARCH_PATHS = (
					"$(SDKROOT)/Developer/Library/Frameworks",
					"$(inherited)",
				);
				GCC_PREPROCESSOR_DEFINITIONS = (
					"DEBUG=1",
					"$(inherited)",
				);
				INFOPLIST_FILE = CustomTableViewTests/Info.plist;
				LD_RUNPATH_SEARCH_PATHS = "$(inherited) @executable_path/Frameworks @loader_path/Frameworks";
				PRODUCT_NAME = "$(TARGET_NAME)";
				TEST_HOST = "$(BUILT_PRODUCTS_DIR)/CustomTableView.app/CustomTableView";
			};
			name = Debug;
		};
		A3D57FD01A8B1A7C00B6CB6D /* Release */ = {
			isa = XCBuildConfiguration;
			buildSettings = {
				BUNDLE_LOADER = "$(TEST_HOST)";
				FRAMEWORK_SEARCH_PATHS = (
					"$(SDKROOT)/Developer/Library/Frameworks",
					"$(inherited)",
				);
				INFOPLIST_FILE = CustomTableViewTests/Info.plist;
				LD_RUNPATH_SEARCH_PATHS = "$(inherited) @executable_path/Frameworks @loader_path/Frameworks";
				PRODUCT_NAME = "$(TARGET_NAME)";
				TEST_HOST = "$(BUILT_PRODUCTS_DIR)/CustomTableView.app/CustomTableView";
			};
			name = Release;
		};
/* End XCBuildConfiguration section */

/* Begin XCConfigurationList section */
		A3D57FA31A8B1A7C00B6CB6D /* Build configuration list for PBXProject "CustomTableView" */ = {
			isa = XCConfigurationList;
			buildConfigurations = (
				A3D57FC91A8B1A7C00B6CB6D /* Debug */,
				A3D57FCA1A8B1A7C00B6CB6D /* Release */,
			);
			defaultConfigurationIsVisible = 0;
			defaultConfigurationName = Release;
		};
		A3D57FCB1A8B1A7C00B6CB6D /* Build configuration list for PBXNativeTarget "CustomTableView" */ = {
			isa = XCConfigurationList;
			buildConfigurations = (
				A3D57FCC1A8B1A7C00B6CB6D /* Debug */,
				A3D57FCD1A8B1A7C00B6CB6D /* Release */,
			);
			defaultConfigurationIsVisible = 0;
			defaultConfigurationName = Release;
		};
		A3D57FCE1A8B1A7C00B6CB6D /* Build configuration list for PBXNativeTarget "CustomTableViewTests" */ = {
			isa = XCConfigurationList;
			buildConfigurations = (
				A3D57FCF1A8B1A7C00B6CB6D /* Debug */,
				A3D57FD01A8B1A7C00B6CB6D /* Release */,
			);
			defaultConfigurationIsVisible = 0;
			defaultConfigurationName = Release;
		};
/* End XCConfigurationList section */
	};
	rootObject = A3D57FA01A8B1A7C00B6CB6D /* Project object */;
}
